
Microsoft Visual Studio Solution File, Format Version 12.00
# Visual Studio 15
VisualStudioVersion = 15.0.28307.421
MinimumVisualStudioVersion = 10.0.40219.1
Project("{8BC9CEB8-8B4A-11D0-8D11-00A0C91BC942}") = "exercise4", "exercise4\exercise4.vcxproj", "{E4913F9C-2007-46E5-B12C-37BF6B2E021C}"
EndProject
Global
	GlobalSection(SolutionConfigurationPlatforms) = preSolution
		Debug|x64 = Debug|x64
		Debug|x86 = Debug|x86
		Release|x64 = Release|x64
		Release|x86 = Release|x86
	EndGlobalSection
	GlobalSection(ProjectConfigurationPlatforms) = postSolution
		{E4913F9C-2007-46E5-B12C-37BF6B2E021C}.Debug|x64.ActiveCfg = Debug|x64
		{E4913F9C-2007-46E5-B12C-37BF6B2E021C}.Debug|x64.Build.0 = Debug|x64
		{E4913F9C-2007-46E5-B12C-37BF6B2E021C}.Debug|x86.ActiveCfg = Debug|Win32
		{E4913F9C-2007-46E5-B12C-37BF6B2E021C}.Debug|x86.Build.0 = Debug|Win32
		{E4913F9C-2007-46E5-B12C-37BF6B2E021C}.Release|x64.ActiveCfg = Release|x64
		{E4913F9C-2007-46E5-B12C-37BF6B2E021C}.Release|x64.Build.0 = Release|x64
		{E4913F9C-2007-46E5-B12C-37BF6B2E021C}.Release|x86.ActiveCfg = Release|Win32
		{E4913F9C-2007-46E5-B12C-37BF6B2E021C}.Release|x86.Build.0 = Release|Win32
	EndGlobalSection
	GlobalSection(SolutionProperties) = preSolution
		HideSolutionNode = FALSE
	EndGlobalSection
	GlobalSection(ExtensibilityGlobals) = postSolution
		SolutionGuid = {CE93800D-8235-48B2-9617-BA5E989947FD}
	EndGlobalSection
EndGlobal
